
Microsoft Visual Studio Solution File, Format Version 12.00
# Visual Studio Version 16
VisualStudioVersion = 16.0.29613.14
MinimumVisualStudioVersion = 10.0.40219.1
Project("{FAE04EC0-301F-11D3-BF4B-00C04F79EFBC}") = "CrmBI", "CrmBI\CrmBI.csproj", "{942C0465-301B-4D2D-B962-9D429006D4B1}"
EndProject
Project("{FAE04EC0-301F-11D3-BF4B-00C04F79EFBC}") = "CrmUI", "CrmUI\CrmUI.csproj", "{422924F1-36E2-4E24-94BC-BB8B6818375C}"
EndProject
Global
	GlobalSection(SolutionConfigurationPlatforms) = preSolution
		Debug|Any CPU = Debug|Any CPU
		Release|Any CPU = Release|Any CPU
	EndGlobalSection
	GlobalSection(ProjectConfigurationPlatforms) = postSolution
		{942C0465-301B-4D2D-B962-9D429006D4B1}.Debug|Any CPU.ActiveCfg = Debug|Any CPU
		{942C0465-301B-4D2D-B962-9D429006D4B1}.Debug|Any CPU.Build.0 = Debug|Any CPU
		{942C0465-301B-4D2D-B962-9D429006D4B1}.Release|Any CPU.ActiveCfg = Release|Any CPU
		{942C0465-301B-4D2D-B962-9D429006D4B1}.Release|Any CPU.Build.0 = Release|Any CPU
		{422924F1-36E2-4E24-94BC-BB8B6818375C}.Debug|Any CPU.ActiveCfg = Debug|Any CPU
		{422924F1-36E2-4E24-94BC-BB8B6818375C}.Debug|Any CPU.Build.0 = Debug|Any CPU
		{422924F1-36E2-4E24-94BC-BB8B6818375C}.Release|Any CPU.ActiveCfg = Release|Any CPU
		{422924F1-36E2-4E24-94BC-BB8B6818375C}.Release|Any CPU.Build.0 = Release|Any CPU
	EndGlobalSection
	GlobalSection(SolutionProperties) = preSolution
		HideSolutionNode = FALSE
	EndGlobalSection
	GlobalSection(ExtensibilityGlobals) = postSolution
		SolutionGuid = {0F82A248-65A2-42B5-BE81-EADE8484F01E}
	EndGlobalSection
EndGlobal
